
Microsoft Visual Studio Solution File, Format Version 12.00
# Visual Studio Version 16
VisualStudioVersion = 16.0.29709.97
MinimumVisualStudioVersion = 10.0.40219.1
Project("{FAE04EC0-301F-11D3-BF4B-00C04F79EFBC}") = "Besucherparken.Shell", "Besucherparken\Besucherparken.Shell.csproj", "{590B164E-E91D-4FCC-975A-E63281DA9706}"
EndProject
Project("{FAE04EC0-301F-11D3-BF4B-00C04F79EFBC}") = "BesucherParken.Backend", "BesucherParken.Backend\BesucherParken.Backend.csproj", "{8C29DC53-897A-4E7F-ACD5-13CA50651E0B}"
EndProject
Project("{FAE04EC0-301F-11D3-BF4B-00C04F79EFBC}") = "Besucherparken.GUI", "Besucherparken.GUI\Besucherparken.GUI.csproj", "{C099B5BA-F159-4EB8-846E-724A33864BA0}"
EndProject
Global
	GlobalSection(SolutionConfigurationPlatforms) = preSolution
		Debug|Any CPU = Debug|Any CPU
		Release|Any CPU = Release|Any CPU
	EndGlobalSection
	GlobalSection(ProjectConfigurationPlatforms) = postSolution
		{590B164E-E91D-4FCC-975A-E63281DA9706}.Debug|Any CPU.ActiveCfg = Debug|Any CPU
		{590B164E-E91D-4FCC-975A-E63281DA9706}.Debug|Any CPU.Build.0 = Debug|Any CPU
		{590B164E-E91D-4FCC-975A-E63281DA9706}.Release|Any CPU.ActiveCfg = Release|Any CPU
		{590B164E-E91D-4FCC-975A-E63281DA9706}.Release|Any CPU.Build.0 = Release|Any CPU
		{8C29DC53-897A-4E7F-ACD5-13CA50651E0B}.Debug|Any CPU.ActiveCfg = Debug|Any CPU
		{8C29DC53-897A-4E7F-ACD5-13CA50651E0B}.Debug|Any CPU.Build.0 = Debug|Any CPU
		{8C29DC53-897A-4E7F-ACD5-13CA50651E0B}.Release|Any CPU.ActiveCfg = Release|Any CPU
		{8C29DC53-897A-4E7F-ACD5-13CA50651E0B}.Release|Any CPU.Build.0 = Release|Any CPU
		{C099B5BA-F159-4EB8-846E-724A33864BA0}.Debug|Any CPU.ActiveCfg = Debug|Any CPU
		{C099B5BA-F159-4EB8-846E-724A33864BA0}.Debug|Any CPU.Build.0 = Debug|Any CPU
		{C099B5BA-F159-4EB8-846E-724A33864BA0}.Release|Any CPU.ActiveCfg = Release|Any CPU
		{C099B5BA-F159-4EB8-846E-724A33864BA0}.Release|Any CPU.Build.0 = Release|Any CPU
	EndGlobalSection
	GlobalSection(SolutionProperties) = preSolution
		HideSolutionNode = FALSE
	EndGlobalSection
	GlobalSection(ExtensibilityGlobals) = postSolution
		SolutionGuid = {B1D289E2-1590-46C6-9F91-4FB4AFC0A6A1}
	EndGlobalSection
EndGlobal
